
Microsoft Visual Studio Solution File, Format Version 12.00
# Visual Studio Version 16
VisualStudioVersion = 16.0.29806.167
MinimumVisualStudioVersion = 10.0.40219.1
Project("{F184B08F-C81C-45F6-A57F-5ABD9991F28F}") = "iModMan", "iModMan\iModMan.vbproj", "{F5BE9CFC-CDDF-4518-B809-A00BF998C137}"
EndProject
Project("{8BC9CEB8-8B4A-11D0-8D11-00A0C91BC942}") = "iCrypto", "iCrypto\iCrypto.vcxproj", "{25D72A71-5FE6-4A0E-A68F-A159D5CBAEE0}"
EndProject
Project("{8BC9CEB8-8B4A-11D0-8D11-00A0C91BC942}") = "iNative", "iNative\iNative.vcxproj", "{9B57C735-7354-45F2-B9C6-A1F0C6AC7BDA}"
EndProject
Project("{8BC9CEB8-8B4A-11D0-8D11-00A0C91BC942}") = "iDias", "iDias\iDias.vcxproj", "{85C042F8-EC82-4AB6-95A7-6EB1D1733BF2}"
EndProject
Project("{F184B08F-C81C-45F6-A57F-5ABD9991F28F}") = "Updater", "Updater\Updater.vbproj", "{F9BA0441-CFB0-4E6A-A602-E409672478D3}"
EndProject
Project("{8BC9CEB8-8B4A-11D0-8D11-00A0C91BC942}") = "inf-imodman", "inf-imodman\inf-imodman.vcxproj", "{BF41A877-82A9-4121-804E-B8059C8F239F}"
EndProject
Global
	GlobalSection(SolutionConfigurationPlatforms) = preSolution
		Release|Any CPU = Release|Any CPU
		Release|x64 = Release|x64
		Release|x86 = Release|x86
	EndGlobalSection
	GlobalSection(ProjectConfigurationPlatforms) = postSolution
		{F5BE9CFC-CDDF-4518-B809-A00BF998C137}.Release|Any CPU.ActiveCfg = Release|Any CPU
		{F5BE9CFC-CDDF-4518-B809-A00BF998C137}.Release|Any CPU.Build.0 = Release|Any CPU
		{F5BE9CFC-CDDF-4518-B809-A00BF998C137}.Release|x64.ActiveCfg = Release|Any CPU
		{F5BE9CFC-CDDF-4518-B809-A00BF998C137}.Release|x64.Build.0 = Release|Any CPU
		{F5BE9CFC-CDDF-4518-B809-A00BF998C137}.Release|x86.ActiveCfg = Release|Any CPU
		{F5BE9CFC-CDDF-4518-B809-A00BF998C137}.Release|x86.Build.0 = Release|Any CPU
		{25D72A71-5FE6-4A0E-A68F-A159D5CBAEE0}.Release|Any CPU.ActiveCfg = Release|Win32
		{25D72A71-5FE6-4A0E-A68F-A159D5CBAEE0}.Release|x64.ActiveCfg = Release|x64
		{25D72A71-5FE6-4A0E-A68F-A159D5CBAEE0}.Release|x64.Build.0 = Release|x64
		{25D72A71-5FE6-4A0E-A68F-A159D5CBAEE0}.Release|x86.ActiveCfg = Release|Win32
		{25D72A71-5FE6-4A0E-A68F-A159D5CBAEE0}.Release|x86.Build.0 = Release|Win32
		{9B57C735-7354-45F2-B9C6-A1F0C6AC7BDA}.Release|Any CPU.ActiveCfg = Release|Win32
		{9B57C735-7354-45F2-B9C6-A1F0C6AC7BDA}.Release|x64.ActiveCfg = Release|x64
		{9B57C735-7354-45F2-B9C6-A1F0C6AC7BDA}.Release|x64.Build.0 = Release|x64
		{9B57C735-7354-45F2-B9C6-A1F0C6AC7BDA}.Release|x86.ActiveCfg = Release|Win32
		{9B57C735-7354-45F2-B9C6-A1F0C6AC7BDA}.Release|x86.Build.0 = Release|Win32
		{85C042F8-EC82-4AB6-95A7-6EB1D1733BF2}.Release|Any CPU.ActiveCfg = Release|Win32
		{85C042F8-EC82-4AB6-95A7-6EB1D1733BF2}.Release|x64.ActiveCfg = Release|x64
		{85C042F8-EC82-4AB6-95A7-6EB1D1733BF2}.Release|x64.Build.0 = Release|x64
		{85C042F8-EC82-4AB6-95A7-6EB1D1733BF2}.Release|x86.ActiveCfg = Release|Win32
		{85C042F8-EC82-4AB6-95A7-6EB1D1733BF2}.Release|x86.Build.0 = Release|Win32
		{F9BA0441-CFB0-4E6A-A602-E409672478D3}.Release|Any CPU.ActiveCfg = Release|Any CPU
		{F9BA0441-CFB0-4E6A-A602-E409672478D3}.Release|Any CPU.Build.0 = Release|Any CPU
		{F9BA0441-CFB0-4E6A-A602-E409672478D3}.Release|x64.ActiveCfg = Release|Any CPU
		{F9BA0441-CFB0-4E6A-A602-E409672478D3}.Release|x64.Build.0 = Release|Any CPU
		{F9BA0441-CFB0-4E6A-A602-E409672478D3}.Release|x86.ActiveCfg = Release|Any CPU
		{F9BA0441-CFB0-4E6A-A602-E409672478D3}.Release|x86.Build.0 = Release|Any CPU
		{BF41A877-82A9-4121-804E-B8059C8F239F}.Release|Any CPU.ActiveCfg = Release|Win32
		{BF41A877-82A9-4121-804E-B8059C8F239F}.Release|x64.ActiveCfg = Release|x64
		{BF41A877-82A9-4121-804E-B8059C8F239F}.Release|x64.Build.0 = Release|x64
		{BF41A877-82A9-4121-804E-B8059C8F239F}.Release|x86.ActiveCfg = Release|Win32
		{BF41A877-82A9-4121-804E-B8059C8F239F}.Release|x86.Build.0 = Release|Win32
	EndGlobalSection
	GlobalSection(SolutionProperties) = preSolution
		HideSolutionNode = FALSE
	EndGlobalSection
	GlobalSection(ExtensibilityGlobals) = postSolution
		SolutionGuid = {84AFD477-9E89-43D4-81A2-AC4749F35A13}
	EndGlobalSection
EndGlobal
